
Microsoft Visual Studio Solution File, Format Version 12.00
# Visual Studio Version 17
VisualStudioVersion = 17.14.36414.22 d17.14
MinimumVisualStudioVersion = 10.0.40219.1
Project("{FAE04EC0-301F-11D3-BF4B-00C04F79EFBC}") = "FinancialCrm", "FinancialCrm\FinancialCrm.csproj", "{025FDDF2-5BDB-4D9C-88D2-89F4DF8019DC}"
EndProject
Global
	GlobalSection(SolutionConfigurationPlatforms) = preSolution
		Debug|Any CPU = Debug|Any CPU
		Release|Any CPU = Release|Any CPU
	EndGlobalSection
	GlobalSection(ProjectConfigurationPlatforms) = postSolution
		{025FDDF2-5BDB-4D9C-88D2-89F4DF8019DC}.Debug|Any CPU.ActiveCfg = Debug|Any CPU
		{025FDDF2-5BDB-4D9C-88D2-89F4DF8019DC}.Debug|Any CPU.Build.0 = Debug|Any CPU
		{025FDDF2-5BDB-4D9C-88D2-89F4DF8019DC}.Release|Any CPU.ActiveCfg = Release|Any CPU
		{025FDDF2-5BDB-4D9C-88D2-89F4DF8019DC}.Release|Any CPU.Build.0 = Release|Any CPU
	EndGlobalSection
	GlobalSection(SolutionProperties) = preSolution
		HideSolutionNode = FALSE
	EndGlobalSection
	GlobalSection(ExtensibilityGlobals) = postSolution
		SolutionGuid = {88743902-92BA-461A-8139-118C25A9359C}
	EndGlobalSection
EndGlobal
